
Microsoft Visual Studio Solution File, Format Version 12.00
# Visual Studio Version 17
VisualStudioVersion = 17.7.34221.43
MinimumVisualStudioVersion = 10.0.40219.1
Project("{2150E333-8FDC-42A3-9474-1A3956D46DE8}") = "APIConsume", "APIConsume", "{64859408-F24A-4E9E-93B8-6C930D5B9D6A}"
EndProject
Project("{2150E333-8FDC-42A3-9474-1A3956D46DE8}") = "Frontend", "Frontend", "{742C2BD8-A483-4A02-BF03-6193212668DA}"
EndProject
Project("{2150E333-8FDC-42A3-9474-1A3956D46DE8}") = "ToDoList", "ToDoList", "{F7121EB2-D557-44B2-860C-31912C289EB0}"
	ProjectSection(SolutionItems) = preProject
		Steps.txt = Steps.txt
	EndProjectSection
EndProject
Project("{9A19103F-16F7-4668-BE54-9A1E7A4F7556}") = "AydinHotel.WebAPI", "APIConsume\AydinHotel.WebAPI\AydinHotel.WebAPI.csproj", "{64AAF3E9-D975-46E1-A6F7-E74B069E9B07}"
EndProject
Project("{9A19103F-16F7-4668-BE54-9A1E7A4F7556}") = "AydinHotel.Entity", "APIConsume\AydinHotel.Entity\AydinHotel.Entity.csproj", "{A70F23AF-A09A-4A54-B247-ECEB18E32590}"
EndProject
Project("{9A19103F-16F7-4668-BE54-9A1E7A4F7556}") = "AydinHotel.DataAccess", "APIConsume\AydinHotel.DataAccess\AydinHotel.DataAccess.csproj", "{4E970BE1-FFA2-470A-9B8D-215B6C9445A1}"
EndProject
Project("{9A19103F-16F7-4668-BE54-9A1E7A4F7556}") = "AydinHotel.Business", "APIConsume\AydinHotel.Business\AydinHotel.Business.csproj", "{9EAD8E23-177B-46D9-A5C1-F19B7FAE53C4}"
EndProject
Project("{9A19103F-16F7-4668-BE54-9A1E7A4F7556}") = "AydinHotel.DTOs", "APIConsume\AydinHotel.DTOs\AydinHotel.DTOs.csproj", "{1076CB92-563E-49BD-9631-7CF1FE90A222}"
EndProject
Project("{9A19103F-16F7-4668-BE54-9A1E7A4F7556}") = "AydinHotel.WebUI", "Frontend\AydinHotel.WebUI\AydinHotel.WebUI.csproj", "{84AE4D6C-8327-4A3D-A651-529A21934AC3}"
EndProject
Project("{2150E333-8FDC-42A3-9474-1A3956D46DE8}") = "RapidAPI", "RapidAPI", "{30443EB2-0E96-4B5D-B769-5475E78F8D58}"
EndProject
Project("{FAE04EC0-301F-11D3-BF4B-00C04F79EFBC}") = "API.Consume", "RapidAPI\API.Consume\API.Consume.csproj", "{B73D2E57-8FEF-4833-BC33-C4B9388BCF50}"
EndProject
Global
	GlobalSection(SolutionConfigurationPlatforms) = preSolution
		Debug|Any CPU = Debug|Any CPU
		Release|Any CPU = Release|Any CPU
	EndGlobalSection
	GlobalSection(ProjectConfigurationPlatforms) = postSolution
		{64AAF3E9-D975-46E1-A6F7-E74B069E9B07}.Debug|Any CPU.ActiveCfg = Debug|Any CPU
		{64AAF3E9-D975-46E1-A6F7-E74B069E9B07}.Debug|Any CPU.Build.0 = Debug|Any CPU
		{64AAF3E9-D975-46E1-A6F7-E74B069E9B07}.Release|Any CPU.ActiveCfg = Release|Any CPU
		{64AAF3E9-D975-46E1-A6F7-E74B069E9B07}.Release|Any CPU.Build.0 = Release|Any CPU
		{A70F23AF-A09A-4A54-B247-ECEB18E32590}.Debug|Any CPU.ActiveCfg = Debug|Any CPU
		{A70F23AF-A09A-4A54-B247-ECEB18E32590}.Debug|Any CPU.Build.0 = Debug|Any CPU
		{A70F23AF-A09A-4A54-B247-ECEB18E32590}.Release|Any CPU.ActiveCfg = Release|Any CPU
		{A70F23AF-A09A-4A54-B247-ECEB18E32590}.Release|Any CPU.Build.0 = Release|Any CPU
		{4E970BE1-FFA2-470A-9B8D-215B6C9445A1}.Debug|Any CPU.ActiveCfg = Debug|Any CPU
		{4E970BE1-FFA2-470A-9B8D-215B6C9445A1}.Debug|Any CPU.Build.0 = Debug|Any CPU
		{4E970BE1-FFA2-470A-9B8D-215B6C9445A1}.Release|Any CPU.ActiveCfg = Release|Any CPU
		{4E970BE1-FFA2-470A-9B8D-215B6C9445A1}.Release|Any CPU.Build.0 = Release|Any CPU
		{9EAD8E23-177B-46D9-A5C1-F19B7FAE53C4}.Debug|Any CPU.ActiveCfg = Debug|Any CPU
		{9EAD8E23-177B-46D9-A5C1-F19B7FAE53C4}.Debug|Any CPU.Build.0 = Debug|Any CPU
		{9EAD8E23-177B-46D9-A5C1-F19B7FAE53C4}.Release|Any CPU.ActiveCfg = Release|Any CPU
		{9EAD8E23-177B-46D9-A5C1-F19B7FAE53C4}.Release|Any CPU.Build.0 = Release|Any CPU
		{1076CB92-563E-49BD-9631-7CF1FE90A222}.Debug|Any CPU.ActiveCfg = Debug|Any CPU
		{1076CB92-563E-49BD-9631-7CF1FE90A222}.Debug|Any CPU.Build.0 = Debug|Any CPU
		{1076CB92-563E-49BD-9631-7CF1FE90A222}.Release|Any CPU.ActiveCfg = Release|Any CPU
		{1076CB92-563E-49BD-9631-7CF1FE90A222}.Release|Any CPU.Build.0 = Release|Any CPU
		{84AE4D6C-8327-4A3D-A651-529A21934AC3}.Debug|Any CPU.ActiveCfg = Debug|Any CPU
		{84AE4D6C-8327-4A3D-A651-529A21934AC3}.Debug|Any CPU.Build.0 = Debug|Any CPU
		{84AE4D6C-8327-4A3D-A651-529A21934AC3}.Release|Any CPU.ActiveCfg = Release|Any CPU
		{84AE4D6C-8327-4A3D-A651-529A21934AC3}.Release|Any CPU.Build.0 = Release|Any CPU
		{B73D2E57-8FEF-4833-BC33-C4B9388BCF50}.Debug|Any CPU.ActiveCfg = Debug|Any CPU
		{B73D2E57-8FEF-4833-BC33-C4B9388BCF50}.Debug|Any CPU.Build.0 = Debug|Any CPU
		{B73D2E57-8FEF-4833-BC33-C4B9388BCF50}.Release|Any CPU.ActiveCfg = Release|Any CPU
		{B73D2E57-8FEF-4833-BC33-C4B9388BCF50}.Release|Any CPU.Build.0 = Release|Any CPU
	EndGlobalSection
	GlobalSection(SolutionProperties) = preSolution
		HideSolutionNode = FALSE
	EndGlobalSection
	GlobalSection(NestedProjects) = preSolution
		{64AAF3E9-D975-46E1-A6F7-E74B069E9B07} = {64859408-F24A-4E9E-93B8-6C930D5B9D6A}
		{A70F23AF-A09A-4A54-B247-ECEB18E32590} = {64859408-F24A-4E9E-93B8-6C930D5B9D6A}
		{4E970BE1-FFA2-470A-9B8D-215B6C9445A1} = {64859408-F24A-4E9E-93B8-6C930D5B9D6A}
		{9EAD8E23-177B-46D9-A5C1-F19B7FAE53C4} = {64859408-F24A-4E9E-93B8-6C930D5B9D6A}
		{1076CB92-563E-49BD-9631-7CF1FE90A222} = {64859408-F24A-4E9E-93B8-6C930D5B9D6A}
		{84AE4D6C-8327-4A3D-A651-529A21934AC3} = {742C2BD8-A483-4A02-BF03-6193212668DA}
		{B73D2E57-8FEF-4833-BC33-C4B9388BCF50} = {30443EB2-0E96-4B5D-B769-5475E78F8D58}
	EndGlobalSection
	GlobalSection(ExtensibilityGlobals) = postSolution
		SolutionGuid = {D13EC1C8-0C27-4AAD-8BD4-60EFBF97F20D}
	EndGlobalSection
EndGlobal
